
Microsoft Visual Studio Solution File, Format Version 12.00
# Visual Studio Version 17
VisualStudioVersion = 17.3.32922.545
MinimumVisualStudioVersion = 10.0.40219.1
Project("{9A19103F-16F7-4668-BE54-9A1E7A4F7556}") = "RegisterApi", "RegisterApi\RegisterApi.csproj", "{042E94D0-2449-4DA0-8961-F80545A719E3}"
EndProject
Project("{9A19103F-16F7-4668-BE54-9A1E7A4F7556}") = "RegisterApiDAL", "RegisterApiDAL\RegisterApiDAL.csproj", "{553BBD3B-FDA5-418C-8996-4815926B5026}"
EndProject
Global
	GlobalSection(SolutionConfigurationPlatforms) = preSolution
		Debug|Any CPU = Debug|Any CPU
		Debug|x64 = Debug|x64
		Release|Any CPU = Release|Any CPU
		Release|x64 = Release|x64
	EndGlobalSection
	GlobalSection(ProjectConfigurationPlatforms) = postSolution
		{042E94D0-2449-4DA0-8961-F80545A719E3}.Debug|Any CPU.ActiveCfg = Debug|Any CPU
		{042E94D0-2449-4DA0-8961-F80545A719E3}.Debug|Any CPU.Build.0 = Debug|Any CPU
		{042E94D0-2449-4DA0-8961-F80545A719E3}.Debug|x64.ActiveCfg = Debug|x64
		{042E94D0-2449-4DA0-8961-F80545A719E3}.Debug|x64.Build.0 = Debug|x64
		{042E94D0-2449-4DA0-8961-F80545A719E3}.Release|Any CPU.ActiveCfg = Release|Any CPU
		{042E94D0-2449-4DA0-8961-F80545A719E3}.Release|Any CPU.Build.0 = Release|Any CPU
		{042E94D0-2449-4DA0-8961-F80545A719E3}.Release|x64.ActiveCfg = Release|x64
		{042E94D0-2449-4DA0-8961-F80545A719E3}.Release|x64.Build.0 = Release|x64
		{553BBD3B-FDA5-418C-8996-4815926B5026}.Debug|Any CPU.ActiveCfg = Debug|Any CPU
		{553BBD3B-FDA5-418C-8996-4815926B5026}.Debug|Any CPU.Build.0 = Debug|Any CPU
		{553BBD3B-FDA5-418C-8996-4815926B5026}.Debug|x64.ActiveCfg = Debug|Any CPU
		{553BBD3B-FDA5-418C-8996-4815926B5026}.Debug|x64.Build.0 = Debug|Any CPU
		{553BBD3B-FDA5-418C-8996-4815926B5026}.Release|Any CPU.ActiveCfg = Release|Any CPU
		{553BBD3B-FDA5-418C-8996-4815926B5026}.Release|Any CPU.Build.0 = Release|Any CPU
		{553BBD3B-FDA5-418C-8996-4815926B5026}.Release|x64.ActiveCfg = Release|Any CPU
		{553BBD3B-FDA5-418C-8996-4815926B5026}.Release|x64.Build.0 = Release|Any CPU
	EndGlobalSection
	GlobalSection(SolutionProperties) = preSolution
		HideSolutionNode = FALSE
	EndGlobalSection
	GlobalSection(ExtensibilityGlobals) = postSolution
		SolutionGuid = {E44189DD-A1B2-4977-A6C0-4A182BA67560}
	EndGlobalSection
EndGlobal
